NeoBundleLock Lucius 7ed02d3e4a8f2cfeda03ac67cf6879098cbc068a
NeoBundleLock Zenburn 33e67af2418e4775c2a7abc6e8fef401e697e1eb
NeoBundleLock jellybeans.vim ef83bf4dc8b3eacffc97bf5c96ab2581b415c9fa
NeoBundleLock lightline.vim c9ab296e856bed4e694180efb6ffb692cf18ed8f
NeoBundleLock molokai c67bdfcdb31415aa0ade7f8c003261700a885476
NeoBundleLock mrkn256.vim ff63e2640a1a40688996787b105d4e54083472d4
NeoBundleLock mustang-vim 6533d7d21bf27cae94d9c2caa575f627f003dfd5
NeoBundleLock neobundle.vim 1306c131ff0a6cc094b7ff0727350e442b5427f1
NeoBundleLock nerdtree fec3e57ad23e4c268d07181d6afb858925b647a1
NeoBundleLock unite-colorscheme 505157450fe1a967c6c044d3bfe18d896e3d5d08
NeoBundleLock unite.vim 5addeca429f64130d74d2f7cb8255afdb9e309d2
NeoBundleLock vim-airline 6d665580a3435f21ad560af192d854d4b608fff5
NeoBundleLock vim-airline-themes 0d5c5c1e2995126e76606a628316c8e3f5efb37a
NeoBundleLock vim-colors-solarized 528a59f26d12278698bb946f8fb82a63711eec21
NeoBundleLock vim-colors-wombat fb44c8db8563946de191b1856e3cfffe0cdb622d
NeoBundleLock vim-pyte 2fb9ada33c94f9c4dff7db8d214b3123666acb1e
NeoBundleLock vim-railscasts-theme 826e17cc7a7fdc1aef16b9ddfaf271b51fc2e0a8
